{
  "name": "demo",
  "version": "1.0.0",
  "lockfileVersion": 1,
  "requires": true,
  "dependencies": {
    "@yoerivd/timer-as-promise": {
      "version": "1.0.3",
      "resolved": "https://registry.npmjs.org/@yoerivd/timer-as-promise/-/timer-as-promise-1.0.3.tgz",
      "integrity": "sha512-57z3ftGpPPc6FvpAMZlySo3DmE4mRojLE9/XB5NRhECKB+93pbdekUrFTSgR3Qd2hWrgm4fBiDW9VHoavTL4bA=="
    }
  }
}
